
Microsoft Visual Studio Solution File, Format Version 12.00
# Visual Studio Version 16
VisualStudioVersion = 16.0.29409.12
MinimumVisualStudioVersion = 10.0.40219.1
Project("{9A19103F-16F7-4668-BE54-9A1E7A4F7556}") = "Kredek", "Kredek\Kredek.csproj", "{A2E294FC-1BA6-408A-B471-24E50EF3666F}"
EndProject
Project("{9A19103F-16F7-4668-BE54-9A1E7A4F7556}") = "FacebookPageGetter", "FacebookPageGetter\FacebookPageGetter.csproj", "{6D371519-A1F5-4713-B6AE-3F98E992A21B}"
EndProject
Project("{9A19103F-16F7-4668-BE54-9A1E7A4F7556}") = "EmailService", "EmailService\EmailService.csproj", "{63E90FF9-C210-46E2-939F-A8DE159AAE5A}"
EndProject
Project("{9A19103F-16F7-4668-BE54-9A1E7A4F7556}") = "Kredek.Models.Common", "Kredek.Models.Common\Kredek.Models.Common.csproj", "{5F866EA0-9FAE-4988-AE20-ACC347FC4863}"
EndProject
Global
	GlobalSection(SolutionConfigurationPlatforms) = preSolution
		Debug|Any CPU = Debug|Any CPU
		Release|Any CPU = Release|Any CPU
	EndGlobalSection
	GlobalSection(ProjectConfigurationPlatforms) = postSolution
		{A2E294FC-1BA6-408A-B471-24E50EF3666F}.Debug|Any CPU.ActiveCfg = Debug|Any CPU
		{A2E294FC-1BA6-408A-B471-24E50EF3666F}.Debug|Any CPU.Build.0 = Debug|Any CPU
		{A2E294FC-1BA6-408A-B471-24E50EF3666F}.Release|Any CPU.ActiveCfg = Release|Any CPU
		{A2E294FC-1BA6-408A-B471-24E50EF3666F}.Release|Any CPU.Build.0 = Release|Any CPU
		{6D371519-A1F5-4713-B6AE-3F98E992A21B}.Debug|Any CPU.ActiveCfg = Debug|Any CPU
		{6D371519-A1F5-4713-B6AE-3F98E992A21B}.Debug|Any CPU.Build.0 = Debug|Any CPU
		{6D371519-A1F5-4713-B6AE-3F98E992A21B}.Release|Any CPU.ActiveCfg = Release|Any CPU
		{6D371519-A1F5-4713-B6AE-3F98E992A21B}.Release|Any CPU.Build.0 = Release|Any CPU
		{63E90FF9-C210-46E2-939F-A8DE159AAE5A}.Debug|Any CPU.ActiveCfg = Debug|Any CPU
		{63E90FF9-C210-46E2-939F-A8DE159AAE5A}.Debug|Any CPU.Build.0 = Debug|Any CPU
		{63E90FF9-C210-46E2-939F-A8DE159AAE5A}.Release|Any CPU.ActiveCfg = Release|Any CPU
		{63E90FF9-C210-46E2-939F-A8DE159AAE5A}.Release|Any CPU.Build.0 = Release|Any CPU
		{5F866EA0-9FAE-4988-AE20-ACC347FC4863}.Debug|Any CPU.ActiveCfg = Debug|Any CPU
		{5F866EA0-9FAE-4988-AE20-ACC347FC4863}.Debug|Any CPU.Build.0 = Debug|Any CPU
		{5F866EA0-9FAE-4988-AE20-ACC347FC4863}.Release|Any CPU.ActiveCfg = Release|Any CPU
		{5F866EA0-9FAE-4988-AE20-ACC347FC4863}.Release|Any CPU.Build.0 = Release|Any CPU
	EndGlobalSection
	GlobalSection(SolutionProperties) = preSolution
		HideSolutionNode = FALSE
	EndGlobalSection
	GlobalSection(ExtensibilityGlobals) = postSolution
		SolutionGuid = {ADC8B167-50D7-48FC-9140-4A48293EC139}
	EndGlobalSection
EndGlobal
